
Microsoft Visual Studio Solution File, Format Version 12.00
# Visual Studio Version 17
VisualStudioVersion = 17.1.32421.90
MinimumVisualStudioVersion = 10.0.40219.1
Project("{F2A71F9B-5D33-465A-A702-920D77279786}") = "DependencyInjection", "DependencyInjection\DependencyInjection.fsproj", "{002A648D-2C33-4A91-AB37-A0311CAE99FE}"
EndProject
Global
	GlobalSection(SolutionConfigurationPlatforms) = preSolution
		Debug|Any CPU = Debug|Any CPU
		Release|Any CPU = Release|Any CPU
	EndGlobalSection
	GlobalSection(ProjectConfigurationPlatforms) = postSolution
		{002A648D-2C33-4A91-AB37-A0311CAE99FE}.Debug|Any CPU.ActiveCfg = Debug|Any CPU
		{002A648D-2C33-4A91-AB37-A0311CAE99FE}.Debug|Any CPU.Build.0 = Debug|Any CPU
		{002A648D-2C33-4A91-AB37-A0311CAE99FE}.Release|Any CPU.ActiveCfg = Release|Any CPU
		{002A648D-2C33-4A91-AB37-A0311CAE99FE}.Release|Any CPU.Build.0 = Release|Any CPU
	EndGlobalSection
	GlobalSection(SolutionProperties) = preSolution
		HideSolutionNode = FALSE
	EndGlobalSection
	GlobalSection(ExtensibilityGlobals) = postSolution
		SolutionGuid = {3ED2A278-78B8-405B-862A-F460FDD69CAD}
	EndGlobalSection
EndGlobal
